
Microsoft Visual Studio Solution File, Format Version 12.00
# Visual Studio 2013
VisualStudioVersion = 12.0.21005.1
MinimumVisualStudioVersion = 10.0.40219.1
Project("{8BC9CEB8-8B4A-11D0-8D11-00A0C91BC942}") = "test9-13-1", "test9-13-1\test9-13-1.vcxproj", "{69D2F4EB-3ADC-4A9E-891F-ED2DF86863A9}"
EndProject
Global
	GlobalSection(SolutionConfigurationPlatforms) = preSolution
		Debug|Win32 = Debug|Win32
		Release|Win32 = Release|Win32
	EndGlobalSection
	GlobalSection(ProjectConfigurationPlatforms) = postSolution
		{69D2F4EB-3ADC-4A9E-891F-ED2DF86863A9}.Debug|Win32.ActiveCfg = Debug|Win32
		{69D2F4EB-3ADC-4A9E-891F-ED2DF86863A9}.Debug|Win32.Build.0 = Debug|Win32
		{69D2F4EB-3ADC-4A9E-891F-ED2DF86863A9}.Release|Win32.ActiveCfg = Release|Win32
		{69D2F4EB-3ADC-4A9E-891F-ED2DF86863A9}.Release|Win32.Build.0 = Release|Win32
	EndGlobalSection
	GlobalSection(SolutionProperties) = preSolution
		HideSolutionNode = FALSE
	EndGlobalSection
EndGlobal
