
Microsoft Visual Studio Solution File, Format Version 12.00
# Visual Studio 2013
VisualStudioVersion = 12.0.21005.1
MinimumVisualStudioVersion = 10.0.40219.1
Project("{8BC9CEB8-8B4A-11D0-8D11-00A0C91BC942}") = "test 8-21-3", "test 8-21-3\test 8-21-3.vcxproj", "{86E73AD9-A2AB-431F-ABC2-6031FBFF4459}"
EndProject
Global
	GlobalSection(SolutionConfigurationPlatforms) = preSolution
		Debug|Win32 = Debug|Win32
		Release|Win32 = Release|Win32
	EndGlobalSection
	GlobalSection(ProjectConfigurationPlatforms) = postSolution
		{86E73AD9-A2AB-431F-ABC2-6031FBFF4459}.Debug|Win32.ActiveCfg = Debug|Win32
		{86E73AD9-A2AB-431F-ABC2-6031FBFF4459}.Debug|Win32.Build.0 = Debug|Win32
		{86E73AD9-A2AB-431F-ABC2-6031FBFF4459}.Release|Win32.ActiveCfg = Release|Win32
		{86E73AD9-A2AB-431F-ABC2-6031FBFF4459}.Release|Win32.Build.0 = Release|Win32
	EndGlobalSection
	GlobalSection(SolutionProperties) = preSolution
		HideSolutionNode = FALSE
	EndGlobalSection
EndGlobal
